// !$*UTF8*$!
{
	archiveVersion = 1;
	classes = {
	};
	objectVersion = 46;
	objects = {

/* Begin PBXBuildFile section */
		30A473E41A5A14B000631D18 /* main.m in Sources */ = {isa = PBXBuildFile; fileRef = 30A473E31A5A14B000631D18 /* main.m */; };
		30A473E71A5A14B000631D18 /* AppDelegate.m in Sources */ = {isa = PBXBuildFile; fileRef = 30A473E61A5A14B000631D18 /* AppDelegate.m */; };
		30A473EA1A5A14B000631D18 /* ViewController.m in Sources */ = {isa = PBXBuildFile; fileRef = 30A473E91A5A14B000631D18 /* ViewController.m */; };
		30A473ED1A5A14B000631D18 /* Main.storyboard in Resources */ = {isa = PBXBuildFile; fileRef = 30A473EB1A5A14B000631D18 /* Main.storyboard */; };
		30A473EF1A5A14B000631D18 /* Images.xcassets in Resources */ = {isa = PBXBuildFile; fileRef = 30A473EE1A5A14B000631D18 /* Images.xcassets */; };
		30A473F21A5A14B000631D18 /* LaunchScreen.xib in Resources */ = {isa = PBXBuildFile; fileRef = 30A473F01A5A14B000631D18 /* LaunchScreen.xib */; };
		30A473FE1A5A14B000631D18 /* BeaconChartTests.m in Sources */ = {isa = PBXBuildFile; fileRef = 30A473FD1A5A14B000631D18 /* BeaconChartTests.m */; };
		30A474121A5A14DA00631D18 /* ChartViewController.m in Sources */ = {isa = PBXBuildFile; fileRef = 30A474081A5A14DA00631D18 /* ChartViewController.m */; };
		30A474171A5A14DA00631D18 /* test.html in Resources */ = {isa = PBXBuildFile; fileRef = 30A474111A5A14DA00631D18 /* test.html */; };
		5DE6BB1EAE0DB45B7CCD051A /* libPods-BeaconChart.a in Frameworks */ = {isa = PBXBuildFile; fileRef = 0D5CDB1A502C90AFDD0563CF /* libPods-BeaconChart.a */; };
/* End PBXBuildFile section */

/* Begin PBXContainerItemProxy section */
		30A473F81A5A14B000631D18 /* PBXContainerItemProxy */ = {
			isa = PBXContainerItemProxy;
			containerPortal = 30A473D61A5A14B000631D18 /* Project object */;
			proxyType = 1;
			remoteGlobalIDString = 30A473DD1A5A14B000631D18;
			remoteInfo = BeaconChart;
		};
/* End PBXContainerItemProxy section */

/* Begin PBXFileReference section */
		0D5CDB1A502C90AFDD0563CF /* libPods-BeaconChart.a */ = {isa = PBXFileReference; explicitFileType = archive.ar; includeInIndex = 0; path = "libPods-BeaconChart.a"; sourceTree = BUILT_PRODUCTS_DIR; };
		30A473DE1A5A14B000631D18 /* BeaconChart.app */ = {isa = PBXFileReference; explicitFileType = wrapper.application; includeInIndex = 0; path = BeaconChart.app; sourceTree = BUILT_PRODUCTS_DIR; };
		30A473E21A5A14B000631D18 /* Info.plist */ = {isa = PBXFileReference; lastKnownFileType = text.plist.xml; path = Info.plist; sourceTree = "<group>"; };
		30A473E31A5A14B000631D18 /* main.m */ = {isa = PBXFileReference; lastKnownFileType = sourcecode.c.objc; path = main.m; sourceTree = "<group>"; };
		30A473E51A5A14B000631D18 /* AppDelegate.h */ = {isa = PBXFileReference; lastKnownFileType = sourcecode.c.h; path = AppDelegate.h; sourceTree = "<group>"; };
		30A473E61A5A14B000631D18 /* AppDelegate.m */ = {isa = PBXFileReference; lastKnownFileType = sourcecode.c.objc; path = AppDelegate.m; sourceTree = "<group>"; };
		30A473E81A5A14B000631D18 /* ViewController.h */ = {isa = PBXFileReference; lastKnownFileType = sourcecode.c.h; path = ViewController.h; sourceTree = "<group>"; };
		30A473E91A5A14B000631D18 /* ViewController.m */ = {isa = PBXFileReference; lastKnownFileType = sourcecode.c.objc; path = ViewController.m; sourceTree = "<group>"; };
		30A473EC1A5A14B000631D18 /* Base */ = {isa = PBXFileReference; lastKnownFileType = file.storyboard; name = Base; path = Base.lproj/Main.storyboard; sourceTree = "<group>"; };
		30A473EE1A5A14B000631D18 /* Images.xcassets */ = {isa = PBXFileReference; lastKnownFileType = folder.assetcatalog; path = Images.xcassets; sourceTree = "<group>"; };
		30A473F11A5A14B000631D18 /* Base */ = {isa = PBXFileReference; lastKnownFileType = file.xib; name = Base; path = Base.lproj/LaunchScreen.xib; sourceTree = "<group>"; };
		30A473F71A5A14B000631D18 /* BeaconChartTests.xctest */ = {isa = PBXFileReference; explicitFileType = wrapper.cfbundle; includeInIndex = 0; path = BeaconChartTests.xctest; sourceTree = BUILT_PRODUCTS_DIR; };
		30A473FC1A5A14B000631D18 /* Info.plist */ = {isa = PBXFileReference; lastKnownFileType = text.plist.xml; path = Info.plist; sourceTree = "<group>"; };
		30A473FD1A5A14B000631D18 /* BeaconChartTests.m */ = {isa = PBXFileReference; lastKnownFileType = sourcecode.c.objc; path = BeaconChartTests.m; sourceTree = "<group>"; };
		30A474071A5A14DA00631D18 /* ChartViewController.h */ = {isa = PBXFileReference; fileEncoding = 4; lastKnownFileType = sourcecode.c.h; path = ChartViewController.h; sourceTree = "<group>"; };
		30A474081A5A14DA00631D18 /* ChartViewController.m */ = {isa = PBXFileReference; fileEncoding = 4; lastKnownFileType = sourcecode.c.objc; path = ChartViewController.m; sourceTree = "<group>"; };
		30A474111A5A14DA00631D18 /* test.html */ = {isa = PBXFileReference; fileEncoding = 4; lastKnownFileType = text.html; path = test.html; sourceTree = "<group>"; };
		4D38585857CFDE31D82C05F3 /* Pods-BeaconChart.release.xcconfig */ = {isa = PBXFileReference; includeInIndex = 1; lastKnownFileType = text.xcconfig; name = "Pods-BeaconChart.release.xcconfig"; path = "Pods/Target Support Files/Pods-BeaconChart/Pods-BeaconChart.release.xcconfig"; sourceTree = "<group>"; };
		F67C425886D560149C3054C5 /* Pods-BeaconChart.debug.xcconfig */ = {isa = PBXFileReference; includeInIndex = 1; lastKnownFileType = text.xcconfig; name = "Pods-BeaconChart.debug.xcconfig"; path = "Pods/Target Support Files/Pods-BeaconChart/Pods-BeaconChart.debug.xcconfig"; sourceTree = "<group>"; };
/* End PBXFileReference section */

/* Begin PBXFrameworksBuildPhase section */
		30A473DB1A5A14B000631D18 /* Frameworks */ = {
			isa = PBXFrameworksBuildPhase;
			buildActionMask = 2147483647;
			files = (
				5DE6BB1EAE0DB45B7CCD051A /* libPods-BeaconChart.a in Frameworks */,
			);
			runOnlyForDeploymentPostprocessing = 0;
		};
		30A473F41A5A14B000631D18 /* Frameworks */ = {
			isa = PBXFrameworksBuildPhase;
			buildActionMask = 2147483647;
			files = (
			);
			runOnlyForDeploymentPostprocessing = 0;
		};
/* End PBXFrameworksBuildPhase section */

/* Begin PBXGroup section */
		0DEF99D7A2DA0BE1FD797D9F /* Pods */ = {
			isa = PBXGroup;
			children = (
				F67C425886D560149C3054C5 /* Pods-BeaconChart.debug.xcconfig */,
				4D38585857CFDE31D82C05F3 /* Pods-BeaconChart.release.xcconfig */,
			);
			name = Pods;
			sourceTree = "<group>";
		};
		30A473D51A5A14B000631D18 = {
			isa = PBXGroup;
			children = (
				30A473E01A5A14B000631D18 /* BeaconChart */,
				30A473FA1A5A14B000631D18 /* BeaconChartTests */,
				30A473DF1A5A14B000631D18 /* Products */,
				0DEF99D7A2DA0BE1FD797D9F /* Pods */,
				9E1645A91F7798F51E3B1DD6 /* Frameworks */,
			);
			sourceTree = "<group>";
		};
		30A473DF1A5A14B000631D18 /* Products */ = {
			isa = PBXGroup;
			children = (
				30A473DE1A5A14B000631D18 /* BeaconChart.app */,
				30A473F71A5A14B000631D18 /* BeaconChartTests.xctest */,
			);
			name = Products;
			sourceTree = "<group>";
		};
		30A473E01A5A14B000631D18 /* BeaconChart */ = {
			isa = PBXGroup;
			children = (
				30A473E51A5A14B000631D18 /* AppDelegate.h */,
				30A473E61A5A14B000631D18 /* AppDelegate.m */,
				30A473E81A5A14B000631D18 /* ViewController.h */,
				30A473E91A5A14B000631D18 /* ViewController.m */,
				30A473EB1A5A14B000631D18 /* Main.storyboard */,
				30A474071A5A14DA00631D18 /* ChartViewController.h */,
				30A474081A5A14DA00631D18 /* ChartViewController.m */,
				30A474111A5A14DA00631D18 /* test.html */,
				30A473EE1A5A14B000631D18 /* Images.xcassets */,
				30A473F01A5A14B000631D18 /* LaunchScreen.xib */,
				30A473E11A5A14B000631D18 /* Supporting Files */,
			);
			path = BeaconChart;
			sourceTree = "<group>";
		};
		30A473E11A5A14B000631D18 /* Supporting Files */ = {
			isa = PBXGroup;
			children = (
				30A473E21A5A14B000631D18 /* Info.plist */,
				30A473E31A5A14B000631D18 /* main.m */,
			);
			name = "Supporting Files";
			sourceTree = "<group>";
		};
		30A473FA1A5A14B000631D18 /* BeaconChartTests */ = {
			isa = PBXGroup;
			children = (
				30A473FD1A5A14B000631D18 /* BeaconChartTests.m */,
				30A473FB1A5A14B000631D18 /* Supporting Files */,
			);
			path = BeaconChartTests;
			sourceTree = "<group>";
		};
		30A473FB1A5A14B000631D18 /* Supporting Files */ = {
			isa = PBXGroup;
			children = (
				30A473FC1A5A14B000631D18 /* Info.plist */,
			);
			name = "Supporting Files";
			sourceTree = "<group>";
		};
		9E1645A91F7798F51E3B1DD6 /* Frameworks */ = {
			isa = PBXGroup;
			children = (
				0D5CDB1A502C90AFDD0563CF /* libPods-BeaconChart.a */,
			);
			name = Frameworks;
			sourceTree = "<group>";
		};
/* End PBXGroup section */

/* Begin PBXNativeTarget section */
		30A473DD1A5A14B000631D18 /* BeaconChart */ = {
			isa = PBXNativeTarget;
			buildConfigurationList = 30A474011A5A14B000631D18 /* Build configuration list for PBXNativeTarget "BeaconChart" */;
			buildPhases = (
				3ECA287F5B0E2F64BE941FB2 /* Check Pods Manifest.lock */,
				30A473DA1A5A14B000631D18 /* Sources */,
				30A473DB1A5A14B000631D18 /* Frameworks */,
				30A473DC1A5A14B000631D18 /* Resources */,
				5A33B0166A8380D8CECF7D7C /* Copy Pods Resources */,
			);
			buildRules = (
			);
			dependencies = (
			);
			name = BeaconChart;
			productName = BeaconChart;
			productReference = 30A473DE1A5A14B000631D18 /* BeaconChart.app */;
			productType = "com.apple.product-type.application";
		};
		30A473F61A5A14B000631D18 /* BeaconChartTests */ = {
			isa = PBXNativeTarget;
			buildConfigurationList = 30A474041A5A14B000631D18 /* Build configuration list for PBXNativeTarget "BeaconChartTests" */;
			buildPhases = (
				30A473F31A5A14B000631D18 /* Sources */,
				30A473F41A5A14B000631D18 /* Frameworks */,
				30A473F51A5A14B000631D18 /* Resources */,
			);
			buildRules = (
			);
			dependencies = (
				30A473F91A5A14B000631D18 /* PBXTargetDependency */,
			);
			name = BeaconChartTests;
			productName = BeaconChartTests;
			productReference = 30A473F71A5A14B000631D18 /* BeaconChartTests.xctest */;
			productType = "com.apple.product-type.bundle.unit-test";
		};
/* End PBXNativeTarget section */

/* Begin PBXProject section */
		30A473D61A5A14B000631D18 /* Project object */ = {
			isa = PBXProject;
			attributes = {
				LastUpgradeCheck = 0610;
				ORGANIZATIONNAME = "Robin Powered, Inc";
				TargetAttributes = {
					30A473DD1A5A14B000631D18 = {
						CreatedOnToolsVersion = 6.1.1;
					};
					30A473F61A5A14B000631D18 = {
						CreatedOnToolsVersion = 6.1.1;
						TestTargetID = 30A473DD1A5A14B000631D18;
					};
				};
			};
			buildConfigurationList = 30A473D91A5A14B000631D18 /* Build configuration list for PBXProject "BeaconChart" */;
			compatibilityVersion = "Xcode 3.2";
			developmentRegion = English;
			hasScannedForEncodings = 0;
			knownRegions = (
				en,
				Base,
			);
			mainGroup = 30A473D51A5A14B000631D18;
			productRefGroup = 30A473DF1A5A14B000631D18 /* Products */;
			projectDirPath = "";
			projectRoot = "";
			targets = (
				30A473DD1A5A14B000631D18 /* BeaconChart */,
				30A473F61A5A14B000631D18 /* BeaconChartTests */,
			);
		};
/* End PBXProject section */

/* Begin PBXResourcesBuildPhase section */
		30A473DC1A5A14B000631D18 /* Resources */ = {
			isa = PBXResourcesBuildPhase;
			buildActionMask = 2147483647;
			files = (
				30A474171A5A14DA00631D18 /* test.html in Resources */,
				30A473ED1A5A14B000631D18 /* Main.storyboard in Resources */,
				30A473F21A5A14B000631D18 /* LaunchScreen.xib in Resources */,
				30A473EF1A5A14B000631D18 /* Images.xcassets in Resources */,
			);
			runOnlyForDeploymentPostprocessing = 0;
		};
		30A473F51A5A14B000631D18 /* Resources */ = {
			isa = PBXResourcesBuildPhase;
			buildActionMask = 2147483647;
			files = (
			);
			runOnlyForDeploymentPostprocessing = 0;
		};
/* End PBXResourcesBuildPhase section */

/* Begin PBXShellScriptBuildPhase section */
		3ECA287F5B0E2F64BE941FB2 /* Check Pods Manifest.lock */ = {
			isa = PBXShellScriptBuildPhase;
			buildActionMask = 2147483647;
			files = (
			);
			inputPaths = (
			);
			name = "Check Pods Manifest.lock";
			outputPaths = (
			);
			runOnlyForDeploymentPostprocessing = 0;
			shellPath = /bin/sh;
			shellScript = "diff \"${PODS_ROOT}/../Podfile.lock\" \"${PODS_ROOT}/Manifest.lock\" > /dev/null\nif [[ $? != 0 ]] ; then\n    cat << EOM\nerror: The sandbox is not in sync with the Podfile.lock. Run 'pod install' or update your CocoaPods installation.\nEOM\n    exit 1\nfi\n";
			showEnvVarsInLog = 0;
		};
		5A33B0166A8380D8CECF7D7C /* Copy Pods Resources */ = {
			isa = PBXShellScriptBuildPhase;
			buildActionMask = 2147483647;
			files = (
			);
			inputPaths = (
			);
			name = "Copy Pods Resources";
			outputPaths = (
			);
			runOnlyForDeploymentPostprocessing = 0;
			shellPath = /bin/sh;
			shellScript = "\"${SRCROOT}/Pods/Target Support Files/Pods-BeaconChart/Pods-BeaconChart-resources.sh\"\n";
			showEnvVarsInLog = 0;
		};
/* End PBXShellScriptBuildPhase section */

/* Begin PBXSourcesBuildPhase section */
		30A473DA1A5A14B000631D18 /* Sources */ = {
			isa = PBXSourcesBuildPhase;
			buildActionMask = 2147483647;
			files = (
				30A473EA1A5A14B000631D18 /* ViewController.m in Sources */,
				30A474121A5A14DA00631D18 /* ChartViewController.m in Sources */,
				30A473E71A5A14B000631D18 /* AppDelegate.m in Sources */,
				30A473E41A5A14B000631D18 /* main.m in Sources */,
			);
			runOnlyForDeploymentPostprocessing = 0;
		};
		30A473F31A5A14B000631D18 /* Sources */ = {
			isa = PBXSourcesBuildPhase;
			buildActionMask = 2147483647;
			files = (
				30A473FE1A5A14B000631D18 /* BeaconChartTests.m in Sources */,
			);
			runOnlyForDeploymentPostprocessing = 0;
		};
/* End PBXSourcesBuildPhase section */

/* Begin PBXTargetDependency section */
		30A473F91A5A14B000631D18 /* PBXTargetDependency */ = {
			isa = PBXTargetDependency;
			target = 30A473DD1A5A14B000631D18 /* BeaconChart */;
			targetProxy = 30A473F81A5A14B000631D18 /* PBXContainerItemProxy */;
		};
/* End PBXTargetDependency section */

/* Begin PBXVariantGroup section */
		30A473EB1A5A14B000631D18 /* Main.storyboard */ = {
			isa = PBXVariantGroup;
			children = (
				30A473EC1A5A14B000631D18 /* Base */,
			);
			name = Main.storyboard;
			sourceTree = "<group>";
		};
		30A473F01A5A14B000631D18 /* LaunchScreen.xib */ = {
			isa = PBXVariantGroup;
			children = (
				30A473F11A5A14B000631D18 /* Base */,
			);
			name = LaunchScreen.xib;
			sourceTree = "<group>";
		};
/* End PBXVariantGroup section */

/* Begin XCBuildConfiguration section */
		30A473FF1A5A14B000631D18 /* Debug */ = {
			isa = XCBuildConfiguration;
			buildSettings = {
				ALWAYS_SEARCH_USER_PATHS = NO;
				CLANG_CXX_LANGUAGE_STANDARD = "gnu++0x";
				CLANG_CXX_LIBRARY = "libc++";
				CLANG_ENABLE_MODULES = YES;
				CLANG_ENABLE_OBJC_ARC = YES;
				CLANG_WARN_BOOL_CONVERSION = YES;
				CLANG_WARN_CONSTANT_CONVERSION = YES;
				CLANG_WARN_DIRECT_OBJC_ISA_USAGE = YES_ERROR;
				CLANG_WARN_EMPTY_BODY = YES;
				CLANG_WARN_ENUM_CONVERSION = YES;
				CLANG_WARN_INT_CONVERSION = YES;
				CLANG_WARN_OBJC_ROOT_CLASS = YES_ERROR;
				CLANG_WARN_UNREACHABLE_CODE = YES;
				CLANG_WARN__DUPLICATE_METHOD_MATCH = YES;
				"CODE_SIGN_IDENTITY[sdk=iphoneos*]" = "iPhone Developer";
				COPY_PHASE_STRIP = NO;
				ENABLE_STRICT_OBJC_MSGSEND = YES;
				GCC_C_LANGUAGE_STANDARD = gnu99;
				GCC_DYNAMIC_NO_PIC = NO;
				GCC_OPTIMIZATION_LEVEL = 0;
				GCC_PREPROCESSOR_DEFINITIONS = (
					"DEBUG=1",
					"$(inherited)",
				);
				GCC_SYMBOLS_PRIVATE_EXTERN = NO;
				GCC_WARN_64_TO_32_BIT_CONVERSION = YES;
				GCC_WARN_ABOUT_RETURN_TYPE = YES_ERROR;
				GCC_WARN_UNDECLARED_SELECTOR = YES;
				GCC_WARN_UNINITIALIZED_AUTOS = YES_AGGRESSIVE;
				GCC_WARN_UNUSED_FUNCTION = YES;
				GCC_WARN_UNUSED_VARIABLE = YES;
				IPHONEOS_DEPLOYMENT_TARGET = 8.1;
				MTL_ENABLE_DEBUG_INFO = YES;
				ONLY_ACTIVE_ARCH = YES;
				SDKROOT = iphoneos;
			};
			name = Debug;
		};
		30A474001A5A14B000631D18 /* Release */ = {
			isa = XCBuildConfiguration;
			buildSettings = {
				ALWAYS_SEARCH_USER_PATHS = NO;
				CLANG_CXX_LANGUAGE_STANDARD = "gnu++0x";
				CLANG_CXX_LIBRARY = "libc++";
				CLANG_ENABLE_MODULES = YES;
				CLANG_ENABLE_OBJC_ARC = YES;
				CLANG_WARN_BOOL_CONVERSION = YES;
				CLANG_WARN_CONSTANT_CONVERSION = YES;
				CLANG_WARN_DIRECT_OBJC_ISA_USAGE = YES_ERROR;
				CLANG_WARN_EMPTY_BODY = YES;
				CLANG_WARN_ENUM_CONVERSION = YES;
				CLANG_WARN_INT_CONVERSION = YES;
				CLANG_WARN_OBJC_ROOT_CLASS = YES_ERROR;
				CLANG_WARN_UNREACHABLE_CODE = YES;
				CLANG_WARN__DUPLICATE_METHOD_MATCH = YES;
				"CODE_SIGN_IDENTITY[sdk=iphoneos*]" = "iPhone Developer";
				COPY_PHASE_STRIP = YES;
				ENABLE_NS_ASSERTIONS = NO;
				ENABLE_STRICT_OBJC_MSGSEND = YES;
				GCC_C_LANGUAGE_STANDARD = gnu99;
				GCC_WARN_64_TO_32_BIT_CONVERSION = YES;
				GCC_WARN_ABOUT_RETURN_TYPE = YES_ERROR;
				GCC_WARN_UNDECLARED_SELECTOR = YES;
				GCC_WARN_UNINITIALIZED_AUTOS = YES_AGGRESSIVE;
				GCC_WARN_UNUSED_FUNCTION = YES;
				GCC_WARN_UNUSED_VARIABLE = YES;
				IPHONEOS_DEPLOYMENT_TARGET = 8.1;
				MTL_ENABLE_DEBUG_INFO = NO;
				SDKROOT = iphoneos;
				VALIDATE_PRODUCT = YES;
			};
			name = Release;
		};
		30A474021A5A14B000631D18 /* Debug */ = {
			isa = XCBuildConfiguration;
			baseConfigurationReference = F67C425886D560149C3054C5 /* Pods-BeaconChart.debug.xcconfig */;
			buildSettings = {
				ASSETCATALOG_COMPILER_APPICON_NAME = AppIcon;
				INFOPLIST_FILE = BeaconChart/Info.plist;
				LD_RUNPATH_SEARCH_PATHS = "$(inherited) @executable_path/Frameworks";
				PRODUCT_NAME = "$(TARGET_NAME)";
			};
			name = Debug;
		};
		30A474031A5A14B000631D18 /* Release */ = {
			isa = XCBuildConfiguration;
			baseConfigurationReference = 4D38585857CFDE31D82C05F3 /* Pods-BeaconChart.release.xcconfig */;
			buildSettings = {
				ASSETCATALOG_COMPILER_APPICON_NAME = AppIcon;
				INFOPLIST_FILE = BeaconChart/Info.plist;
				LD_RUNPATH_SEARCH_PATHS = "$(inherited) @executable_path/Frameworks";
				PRODUCT_NAME = "$(TARGET_NAME)";
			};
			name = Release;
		};
		30A474051A5A14B000631D18 /* Debug */ = {
			isa = XCBuildConfiguration;
			buildSettings = {
				BUNDLE_LOADER = "$(TEST_HOST)";
				FRAMEWORK_SEARCH_PATHS = (
					"$(SDKROOT)/Developer/Library/Frameworks",
					"$(inherited)",
				);
				GCC_PREPROCESSOR_DEFINITIONS = (
					"DEBUG=1",
					"$(inherited)",
				);
				INFOPLIST_FILE = BeaconChartTests/Info.plist;
				LD_RUNPATH_SEARCH_PATHS = "$(inherited) @executable_path/Frameworks @loader_path/Frameworks";
				PRODUCT_NAME = "$(TARGET_NAME)";
				TEST_HOST = "$(BUILT_PRODUCTS_DIR)/BeaconChart.app/BeaconChart";
			};
			name = Debug;
		};
		30A474061A5A14B000631D18 /* Release */ = {
			isa = XCBuildConfiguration;
			buildSettings = {
				BUNDLE_LOADER = "$(TEST_HOST)";
				FRAMEWORK_SEARCH_PATHS = (
					"$(SDKROOT)/Developer/Library/Frameworks",
					"$(inherited)",
				);
				INFOPLIST_FILE = BeaconChartTests/Info.plist;
				LD_RUNPATH_SEARCH_PATHS = "$(inherited) @executable_path/Frameworks @loader_path/Frameworks";
				PRODUCT_NAME = "$(TARGET_NAME)";
				TEST_HOST = "$(BUILT_PRODUCTS_DIR)/BeaconChart.app/BeaconChart";
			};
			name = Release;
		};
/* End XCBuildConfiguration section */

/* Begin XCConfigurationList section */
		30A473D91A5A14B000631D18 /* Build configuration list for PBXProject "BeaconChart" */ = {
			isa = XCConfigurationList;
			buildConfigurations = (
				30A473FF1A5A14B000631D18 /* Debug */,
				30A474001A5A14B000631D18 /* Release */,
			);
			defaultConfigurationIsVisible = 0;
			defaultConfigurationName = Release;
		};
		30A474011A5A14B000631D18 /* Build configuration list for PBXNativeTarget "BeaconChart" */ = {
			isa = XCConfigurationList;
			buildConfigurations = (
				30A474021A5A14B000631D18 /* Debug */,
				30A474031A5A14B000631D18 /* Release */,
			);
			defaultConfigurationIsVisible = 0;
			defaultConfigurationName = Release;
		};
		30A474041A5A14B000631D18 /* Build configuration list for PBXNativeTarget "BeaconChartTests" */ = {
			isa = XCConfigurationList;
			buildConfigurations = (
				30A474051A5A14B000631D18 /* Debug */,
				30A474061A5A14B000631D18 /* Release */,
			);
			defaultConfigurationIsVisible = 0;
			defaultConfigurationName = Release;
		};
/* End XCConfigurationList section */
	};
	rootObject = 30A473D61A5A14B000631D18 /* Project object */;
}
